
Microsoft Visual Studio Solution File, Format Version 12.00
# Visual Studio Version 17
VisualStudioVersion = 17.5.002.0
MinimumVisualStudioVersion = 10.0.40219.1
Project("{9A19103F-16F7-4668-BE54-9A1E7A4F7556}") = "Tarea_2", "Tarea_2.csproj", "{43098B3D-EC3E-4E98-9AEF-787EE9B37634}"
EndProject
Global
	GlobalSection(SolutionConfigurationPlatforms) = preSolution
		Debug|Any CPU = Debug|Any CPU
		Release|Any CPU = Release|Any CPU
	EndGlobalSection
	GlobalSection(ProjectConfigurationPlatforms) = postSolution
		{43098B3D-EC3E-4E98-9AEF-787EE9B37634}.Debug|Any CPU.ActiveCfg = Debug|Any CPU
		{43098B3D-EC3E-4E98-9AEF-787EE9B37634}.Debug|Any CPU.Build.0 = Debug|Any CPU
		{43098B3D-EC3E-4E98-9AEF-787EE9B37634}.Release|Any CPU.ActiveCfg = Release|Any CPU
		{43098B3D-EC3E-4E98-9AEF-787EE9B37634}.Release|Any CPU.Build.0 = Release|Any CPU
	EndGlobalSection
	GlobalSection(SolutionProperties) = preSolution
		HideSolutionNode = FALSE
	EndGlobalSection
	GlobalSection(ExtensibilityGlobals) = postSolution
		SolutionGuid = {0C79A598-15C2-461E-91F1-66426D32E664}
	EndGlobalSection
EndGlobal
